
Microsoft Visual Studio Solution File, Format Version 12.00
# Visual Studio 2013
VisualStudioVersion = 12.0.21005.1
MinimumVisualStudioVersion = 10.0.40219.1
Project("{FAE04EC0-301F-11D3-BF4B-00C04F79EFBC}") = "SpecFlow", "SpecFlow\SpecFlow.csproj", "{6401631B-FDA2-4296-BF3C-DF0151A7FFF3}"
EndProject
Project("{2150E333-8FDC-42A3-9474-1A3956D46DE8}") = ".nuget", ".nuget", "{FA2E5546-C082-42CD-A18E-DAB7B1AB4AA1}"
	ProjectSection(SolutionItems) = preProject
		.nuget\packages.config = .nuget\packages.config
	EndProjectSection
EndProject
Project("{FAE04EC0-301F-11D3-BF4B-00C04F79EFBC}") = "Stack", "Stack\Stack.csproj", "{CA9223E0-50FA-4924-81C1-46C5C8B3D012}"
EndProject
Global
	GlobalSection(SolutionConfigurationPlatforms) = preSolution
		Debug|Any CPU = Debug|Any CPU
		Release|Any CPU = Release|Any CPU
	EndGlobalSection
	GlobalSection(ProjectConfigurationPlatforms) = postSolution
		{6401631B-FDA2-4296-BF3C-DF0151A7FFF3}.Debug|Any CPU.ActiveCfg = Debug|Any CPU
		{6401631B-FDA2-4296-BF3C-DF0151A7FFF3}.Debug|Any CPU.Build.0 = Debug|Any CPU
		{6401631B-FDA2-4296-BF3C-DF0151A7FFF3}.Release|Any CPU.ActiveCfg = Release|Any CPU
		{6401631B-FDA2-4296-BF3C-DF0151A7FFF3}.Release|Any CPU.Build.0 = Release|Any CPU
		{CA9223E0-50FA-4924-81C1-46C5C8B3D012}.Debug|Any CPU.ActiveCfg = Debug|Any CPU
		{CA9223E0-50FA-4924-81C1-46C5C8B3D012}.Debug|Any CPU.Build.0 = Debug|Any CPU
		{CA9223E0-50FA-4924-81C1-46C5C8B3D012}.Release|Any CPU.ActiveCfg = Release|Any CPU
		{CA9223E0-50FA-4924-81C1-46C5C8B3D012}.Release|Any CPU.Build.0 = Release|Any CPU
	EndGlobalSection
	GlobalSection(SolutionProperties) = preSolution
		HideSolutionNode = FALSE
	EndGlobalSection
EndGlobal
